
Microsoft Visual Studio Solution File, Format Version 12.00
# Visual Studio Version 17
VisualStudioVersion = 17.8.34408.163
MinimumVisualStudioVersion = 10.0.40219.1
Project("{FAE04EC0-301F-11D3-BF4B-00C04F79EFBC}") = "practice 1 entities", "practice 1 entities.csproj", "{B77EF909-D845-4813-B75D-53F58E472548}"
EndProject
Global
	GlobalSection(SolutionConfigurationPlatforms) = preSolution
		Debug|Any CPU = Debug|Any CPU
		Release|Any CPU = Release|Any CPU
	EndGlobalSection
	GlobalSection(ProjectConfigurationPlatforms) = postSolution
		{B77EF909-D845-4813-B75D-53F58E472548}.Debug|Any CPU.ActiveCfg = Debug|Any CPU
		{B77EF909-D845-4813-B75D-53F58E472548}.Debug|Any CPU.Build.0 = Debug|Any CPU
		{B77EF909-D845-4813-B75D-53F58E472548}.Release|Any CPU.ActiveCfg = Release|Any CPU
		{B77EF909-D845-4813-B75D-53F58E472548}.Release|Any CPU.Build.0 = Release|Any CPU
	EndGlobalSection
	GlobalSection(SolutionProperties) = preSolution
		HideSolutionNode = FALSE
	EndGlobalSection
	GlobalSection(ExtensibilityGlobals) = postSolution
		SolutionGuid = {B1862AA0-2386-411D-B966-954653876962}
	EndGlobalSection
EndGlobal
